
Microsoft Visual Studio Solution File, Format Version 12.00
# Visual Studio Version 16
VisualStudioVersion = 16.0.29609.76
MinimumVisualStudioVersion = 10.0.40219.1
Project("{FAE04EC0-301F-11D3-BF4B-00C04F79EFBC}") = "UnitTestSample", "UnitTestSample\UnitTestSample.csproj", "{3B14DCC4-8E6A-40BF-8CD2-1603DC420EEE}"
EndProject
Project("{FAE04EC0-301F-11D3-BF4B-00C04F79EFBC}") = "UnitTest", "UnitTest\UnitTest.csproj", "{88FBF53E-E69E-4B62-B788-5593E50A96D7}"
EndProject
Global
	GlobalSection(SolutionConfigurationPlatforms) = preSolution
		Debug|Any CPU = Debug|Any CPU
		Release|Any CPU = Release|Any CPU
	EndGlobalSection
	GlobalSection(ProjectConfigurationPlatforms) = postSolution
		{3B14DCC4-8E6A-40BF-8CD2-1603DC420EEE}.Debug|Any CPU.ActiveCfg = Debug|Any CPU
		{3B14DCC4-8E6A-40BF-8CD2-1603DC420EEE}.Debug|Any CPU.Build.0 = Debug|Any CPU
		{3B14DCC4-8E6A-40BF-8CD2-1603DC420EEE}.Release|Any CPU.ActiveCfg = Release|Any CPU
		{3B14DCC4-8E6A-40BF-8CD2-1603DC420EEE}.Release|Any CPU.Build.0 = Release|Any CPU
		{88FBF53E-E69E-4B62-B788-5593E50A96D7}.Debug|Any CPU.ActiveCfg = Debug|Any CPU
		{88FBF53E-E69E-4B62-B788-5593E50A96D7}.Debug|Any CPU.Build.0 = Debug|Any CPU
		{88FBF53E-E69E-4B62-B788-5593E50A96D7}.Release|Any CPU.ActiveCfg = Release|Any CPU
		{88FBF53E-E69E-4B62-B788-5593E50A96D7}.Release|Any CPU.Build.0 = Release|Any CPU
	EndGlobalSection
	GlobalSection(SolutionProperties) = preSolution
		HideSolutionNode = FALSE
	EndGlobalSection
	GlobalSection(ExtensibilityGlobals) = postSolution
		SolutionGuid = {0496B7AC-8FD1-43A1-AE45-2341C9EBAD05}
	EndGlobalSection
EndGlobal
